<?xml version="1.0" encoding="utf-8"?>
<Project ToolsVersion="4.0" xmlns="http://schemas.microsoft.com/developer/msbuild/2003">
  <ItemGroup>
    <ClInclude Include="BuildinDefinition\Boole.hpp" />
    <ClInclude Include="BuildinDefinition\BuildinType.hpp" />
    <ClInclude Include="BuildinDefinition\ComplierDirective.hpp" />
    <ClInclude Include="PlatformOperation\Assert.hpp" />
    <ClInclude Include="PlatformOperation\Atomic.hpp" />
    <ClInclude Include="PlatformOperation\CString.hpp" />
    <ClInclude Include="PlatformOperation\CStringConversion.hpp" />
    <ClInclude Include="PlatformOperation\Date.hpp" />
    <ClInclude Include="PlatformOperation\Event.hpp" />
    <ClInclude Include="PlatformOperation\File.hpp" />
    <ClInclude Include="PlatformOperation\Lock.hpp" />
    <ClInclude Include="PlatformOperation\Math.hpp" />
    <ClInclude Include="PlatformOperation\Memory.hpp" />
    <ClInclude Include="PlatformOperation\Network.hpp" />
    <ClInclude Include="PlatformOperation\New.hpp" />
    <ClInclude Include="PlatformOperation\Print.hpp" />
    <ClInclude Include="PlatformOperation\SIMD.hpp" />
    <ClInclude Include="PlatformOperation\Spin.hpp" />
    <ClInclude Include="PlatformOperation\Thread.hpp" />
    <ClInclude Include="PlatformOperation\Timer.hpp" />
    <ClInclude Include="Definition.hpp" />
    <ClInclude Include="Interface.hpp" />
    <ClInclude Include="PlatformHeader.hpp" />
  </ItemGroup>
</Project>