<?xml version="1.0" encoding="utf-8"?>
<Project ToolsVersion="4.0" xmlns="http://schemas.microsoft.com/developer/msbuild/2003">
  <ItemGroup>
    <ClInclude Include="Definition.hpp" />
    <ClInclude Include="Interface.hpp" />
    <ClInclude Include="BuildinDefinition\ComplierDirective.hpp">
      <Filter>BuildinDefinition</Filter>
    </ClInclude>
    <ClInclude Include="BuildinDefinition\BuildinType.hpp">
      <Filter>BuildinDefinition</Filter>
    </ClInclude>
    <ClInclude Include="PlatformOperation\Print.hpp">
      <Filter>PlatformOperation</Filter>
    </ClInclude>
    <ClInclude Include="PlatformHeader.hpp" />
    <ClInclude Include="PlatformOperation\Assert.hpp">
      <Filter>PlatformOperation</Filter>
    </ClInclude>
    <ClInclude Include="PlatformOperation\Date.hpp">
      <Filter>PlatformOperation</Filter>
    </ClInclude>
    <ClInclude Include="PlatformOperation\Atomic.hpp">
      <Filter>PlatformOperation</Filter>
    </ClInclude>
    <ClInclude Include="PlatformOperation\Memory.hpp">
      <Filter>PlatformOperation</Filter>
    </ClInclude>
    <ClInclude Include="PlatformOperation\Thread.hpp">
      <Filter>PlatformOperation</Filter>
    </ClInclude>
    <ClInclude Include="PlatformOperation\Lock.hpp">
      <Filter>PlatformOperation</Filter>
    </ClInclude>
    <ClInclude Include="PlatformOperation\Event.hpp">
      <Filter>PlatformOperation</Filter>
    </ClInclude>
    <ClInclude Include="PlatformOperation\Timer.hpp">
      <Filter>PlatformOperation</Filter>
    </ClInclude>
    <ClInclude Include="PlatformOperation\File.hpp">
      <Filter>PlatformOperation</Filter>
    </ClInclude>
    <ClInclude Include="PlatformOperation\Spin.hpp">
      <Filter>PlatformOperation</Filter>
    </ClInclude>
    <ClInclude Include="PlatformOperation\Math.hpp">
      <Filter>PlatformOperation</Filter>
    </ClInclude>
    <ClInclude Include="PlatformOperation\SIMD.hpp">
      <Filter>PlatformOperation</Filter>
    </ClInclude>
    <ClInclude Include="PlatformOperation\New.hpp">
      <Filter>PlatformOperation</Filter>
    </ClInclude>
    <ClInclude Include="PlatformOperation\CString.hpp">
      <Filter>PlatformOperation</Filter>
    </ClInclude>
    <ClInclude Include="PlatformOperation\CStringConversion.hpp">
      <Filter>PlatformOperation</Filter>
    </ClInclude>
    <ClInclude Include="BuildinDefinition\Boole.hpp">
      <Filter>BuildinDefinition</Filter>
    </ClInclude>
  </ItemGroup>
  <ItemGroup>
    <Filter Include="BuildinDefinition">
      <UniqueIdentifier>{d4c6d3fe-fe0a-402d-8272-937a81dd77d3}</UniqueIdentifier>
    </Filter>
    <Filter Include="PlatformOperation">
      <UniqueIdentifier>{21ed534b-561c-4a0a-b4f2-26670a672665}</UniqueIdentifier>
    </Filter>
  </ItemGroup>
</Project>