<?xml version="1.0" encoding="utf-8"?>
<Project ToolsVersion="4.0" xmlns="http://schemas.microsoft.com/developer/msbuild/2003">
  <ItemGroup>
    <ClInclude Include="Vertex\Vertex.hpp" />
    <ClInclude Include="Vertex\VerticesBuffer.hpp" />
    <ClInclude Include="Vertex\VertexPosColor.hpp" />
    <ClInclude Include="Interface.hpp" />
    <ClInclude Include="Texture\Texture.hpp" />
  </ItemGroup>
  <ItemGroup>
    <None Include="Vertex\VerticesBuffer_Implementation.inl" />
  </ItemGroup>
</Project>