<?xml version="1.0" encoding="utf-8"?>
<Project ToolsVersion="4.0" xmlns="http://schemas.microsoft.com/developer/msbuild/2003">
  <ItemGroup>
    <ClInclude Include="Interface.hpp" />
    <ClInclude Include="JsonBase.hpp" />
    <ClInclude Include="JsonType\JsonArray.hpp">
      <Filter>JsonType</Filter>
    </ClInclude>
    <ClInclude Include="JsonType\JsonObject.hpp">
      <Filter>JsonType</Filter>
    </ClInclude>
    <ClInclude Include="JsonType\JsonInt.hpp">
      <Filter>JsonType</Filter>
    </ClInclude>
    <ClInclude Include="JsonType\JsonString.hpp">
      <Filter>JsonType</Filter>
    </ClInclude>
    <ClInclude Include="JsonType\JsonBoole.hpp">
      <Filter>JsonType</Filter>
    </ClInclude>
    <ClInclude Include="Deserializer.hpp" />
    <ClInclude Include="JsonType\JsonNull.hpp">
      <Filter>JsonType</Filter>
    </ClInclude>
    <ClInclude Include="Utility.hpp" />
    <ClInclude Include="JsonIndex.hpp" />
    <ClInclude Include="JsonType\JsonFloat.hpp">
      <Filter>JsonType</Filter>
    </ClInclude>
  </ItemGroup>
  <ItemGroup>
    <Filter Include="JsonType">
      <UniqueIdentifier>{2256a8cf-8a07-4e07-b8d3-8ac7deb79cdf}</UniqueIdentifier>
    </Filter>
  </ItemGroup>
</Project>