
Microsoft Visual Studio Solution File, Format Version 12.00
# Visual Studio Version 17
VisualStudioVersion = 17.0.31710.8
MinimumVisualStudioVersion = 10.0.40219.1
Project("{2150E333-8FDC-42A3-9474-1A3956D46DE8}") = "Environment", "Environment", "{EF99CD8B-B41A-4950-8D50-1EB0740C1810}"
EndProject
Project("{2150E333-8FDC-42A3-9474-1A3956D46DE8}") = "Window", "Window", "{21E2E1FC-F488-43C3-8D4D-DAB426032761}"
EndProject
Project("{2150E333-8FDC-42A3-9474-1A3956D46DE8}") = "Utility", "Utility", "{567D2493-4142-494D-B550-6C0D34326D4F}"
EndProject
Project("{2150E333-8FDC-42A3-9474-1A3956D46DE8}") = "System", "System", "{C508EE5F-3901-4FEC-81B7-1474A7A8C788}"
EndProject
Project("{8BC9CEB8-8B4A-11D0-8D11-00A0C91BC942}") = "Environment", "Environment\Environment\Environment.vcxproj", "{DA4793EF-B9DA-4D64-93A0-BE1895DE4F10}"
EndProject
Project("{8BC9CEB8-8B4A-11D0-8D11-00A0C91BC942}") = "Environment_Windows_Msvc", "Environment\Environment_Windows_Msvc\Environment_Windows_Msvc.vcxproj", "{B25BE4C2-5DC9-4F6F-9FD1-B76C60A41BFD}"
EndProject
Project("{8BC9CEB8-8B4A-11D0-8D11-00A0C91BC942}") = "Container", "Utility\Container\Container.vcxproj", "{A38F5ABB-A413-4832-BAF8-0042CCFAAEF9}"
EndProject
Project("{8BC9CEB8-8B4A-11D0-8D11-00A0C91BC942}") = "Logger", "System\Logger\Logger.vcxproj", "{F5A9335A-1251-4969-A1DF-F99DC2B97AE5}"
EndProject
Project("{8BC9CEB8-8B4A-11D0-8D11-00A0C91BC942}") = "Window", "Window\Window\Window.vcxproj", "{9FE39ED7-0BC2-4D84-940E-9F34661B4E2C}"
EndProject
Project("{8BC9CEB8-8B4A-11D0-8D11-00A0C91BC942}") = "Window_Windows_Msvc", "Window\Window_Windows_Msvc\Window_Windows_Msvc.vcxproj", "{D862B76F-3389-4648-A018-E610C85B092A}"
EndProject
Project("{8BC9CEB8-8B4A-11D0-8D11-00A0C91BC942}") = "Json", "Utility\Json\Json.vcxproj", "{5761FDC8-6530-4CE1-8AF2-BB04CFC43C8B}"
EndProject
Project("{8BC9CEB8-8B4A-11D0-8D11-00A0C91BC942}") = "ExecutorDebug", "ExecutorDebug\ExecutorDebug.vcxproj", "{40C5A121-7300-4F21-819E-763DCCB8F60E}"
EndProject
Project("{8BC9CEB8-8B4A-11D0-8D11-00A0C91BC942}") = "JsonFormat", "Utility\JsonFormat\JsonFormat.vcxproj", "{3BDC53E8-F06F-4353-9EB8-A7279368B94D}"
EndProject
Project("{8BC9CEB8-8B4A-11D0-8D11-00A0C91BC942}") = "Interface", "Interface\Interface.vcxproj", "{1CD24C18-980C-4FFF-B9A4-E75BDFF9320F}"
EndProject
Project("{8BC9CEB8-8B4A-11D0-8D11-00A0C91BC942}") = "Environment_Linux_Gcc", "Environment\Environment_Linux_Gcc\Environment_Linux_Gcc.vcxproj", "{CBC6738B-BC2C-4CFA-A8BA-9CC295AFB914}"
EndProject
Project("{8BC9CEB8-8B4A-11D0-8D11-00A0C91BC942}") = "Terminator", "System\Terminator\Terminator.vcxproj", "{88A0BC68-1D0E-4828-94FD-2E1C135F99CB}"
EndProject
Global
	GlobalSection(SolutionConfigurationPlatforms) = preSolution
		Debug|x64 = Debug|x64
		Release|x64 = Release|x64
	EndGlobalSection
	GlobalSection(ProjectConfigurationPlatforms) = postSolution
		{DA4793EF-B9DA-4D64-93A0-BE1895DE4F10}.Debug|x64.ActiveCfg = Release|x64
		{DA4793EF-B9DA-4D64-93A0-BE1895DE4F10}.Debug|x64.Build.0 = Release|x64
		{DA4793EF-B9DA-4D64-93A0-BE1895DE4F10}.Release|x64.ActiveCfg = Release|x64
		{DA4793EF-B9DA-4D64-93A0-BE1895DE4F10}.Release|x64.Build.0 = Release|x64
		{B25BE4C2-5DC9-4F6F-9FD1-B76C60A41BFD}.Debug|x64.ActiveCfg = Release|x64
		{B25BE4C2-5DC9-4F6F-9FD1-B76C60A41BFD}.Debug|x64.Build.0 = Release|x64
		{B25BE4C2-5DC9-4F6F-9FD1-B76C60A41BFD}.Release|x64.ActiveCfg = Release|x64
		{B25BE4C2-5DC9-4F6F-9FD1-B76C60A41BFD}.Release|x64.Build.0 = Release|x64
		{A38F5ABB-A413-4832-BAF8-0042CCFAAEF9}.Debug|x64.ActiveCfg = Release|x64
		{A38F5ABB-A413-4832-BAF8-0042CCFAAEF9}.Debug|x64.Build.0 = Release|x64
		{A38F5ABB-A413-4832-BAF8-0042CCFAAEF9}.Release|x64.ActiveCfg = Release|x64
		{A38F5ABB-A413-4832-BAF8-0042CCFAAEF9}.Release|x64.Build.0 = Release|x64
		{F5A9335A-1251-4969-A1DF-F99DC2B97AE5}.Debug|x64.ActiveCfg = Release|x64
		{F5A9335A-1251-4969-A1DF-F99DC2B97AE5}.Debug|x64.Build.0 = Release|x64
		{F5A9335A-1251-4969-A1DF-F99DC2B97AE5}.Release|x64.ActiveCfg = Release|x64
		{F5A9335A-1251-4969-A1DF-F99DC2B97AE5}.Release|x64.Build.0 = Release|x64
		{9FE39ED7-0BC2-4D84-940E-9F34661B4E2C}.Debug|x64.ActiveCfg = Release|x64
		{9FE39ED7-0BC2-4D84-940E-9F34661B4E2C}.Debug|x64.Build.0 = Release|x64
		{9FE39ED7-0BC2-4D84-940E-9F34661B4E2C}.Release|x64.ActiveCfg = Release|x64
		{9FE39ED7-0BC2-4D84-940E-9F34661B4E2C}.Release|x64.Build.0 = Release|x64
		{D862B76F-3389-4648-A018-E610C85B092A}.Debug|x64.ActiveCfg = Release|x64
		{D862B76F-3389-4648-A018-E610C85B092A}.Debug|x64.Build.0 = Release|x64
		{D862B76F-3389-4648-A018-E610C85B092A}.Release|x64.ActiveCfg = Release|x64
		{D862B76F-3389-4648-A018-E610C85B092A}.Release|x64.Build.0 = Release|x64
		{5761FDC8-6530-4CE1-8AF2-BB04CFC43C8B}.Debug|x64.ActiveCfg = Release|x64
		{5761FDC8-6530-4CE1-8AF2-BB04CFC43C8B}.Debug|x64.Build.0 = Release|x64
		{5761FDC8-6530-4CE1-8AF2-BB04CFC43C8B}.Release|x64.ActiveCfg = Release|x64
		{5761FDC8-6530-4CE1-8AF2-BB04CFC43C8B}.Release|x64.Build.0 = Release|x64
		{40C5A121-7300-4F21-819E-763DCCB8F60E}.Debug|x64.ActiveCfg = Debug|x64
		{40C5A121-7300-4F21-819E-763DCCB8F60E}.Debug|x64.Build.0 = Debug|x64
		{40C5A121-7300-4F21-819E-763DCCB8F60E}.Release|x64.ActiveCfg = Release|x64
		{40C5A121-7300-4F21-819E-763DCCB8F60E}.Release|x64.Build.0 = Release|x64
		{3BDC53E8-F06F-4353-9EB8-A7279368B94D}.Debug|x64.ActiveCfg = Release|x64
		{3BDC53E8-F06F-4353-9EB8-A7279368B94D}.Debug|x64.Build.0 = Release|x64
		{3BDC53E8-F06F-4353-9EB8-A7279368B94D}.Release|x64.ActiveCfg = Release|x64
		{3BDC53E8-F06F-4353-9EB8-A7279368B94D}.Release|x64.Build.0 = Release|x64
		{1CD24C18-980C-4FFF-B9A4-E75BDFF9320F}.Debug|x64.ActiveCfg = Release|x64
		{1CD24C18-980C-4FFF-B9A4-E75BDFF9320F}.Debug|x64.Build.0 = Release|x64
		{1CD24C18-980C-4FFF-B9A4-E75BDFF9320F}.Release|x64.ActiveCfg = Release|x64
		{1CD24C18-980C-4FFF-B9A4-E75BDFF9320F}.Release|x64.Build.0 = Release|x64
		{CBC6738B-BC2C-4CFA-A8BA-9CC295AFB914}.Debug|x64.ActiveCfg = Release|x64
		{CBC6738B-BC2C-4CFA-A8BA-9CC295AFB914}.Debug|x64.Build.0 = Release|x64
		{CBC6738B-BC2C-4CFA-A8BA-9CC295AFB914}.Release|x64.ActiveCfg = Release|x64
		{CBC6738B-BC2C-4CFA-A8BA-9CC295AFB914}.Release|x64.Build.0 = Release|x64
		{88A0BC68-1D0E-4828-94FD-2E1C135F99CB}.Debug|x64.ActiveCfg = Release|x64
		{88A0BC68-1D0E-4828-94FD-2E1C135F99CB}.Debug|x64.Build.0 = Release|x64
		{88A0BC68-1D0E-4828-94FD-2E1C135F99CB}.Release|x64.ActiveCfg = Release|x64
		{88A0BC68-1D0E-4828-94FD-2E1C135F99CB}.Release|x64.Build.0 = Release|x64
	EndGlobalSection
	GlobalSection(SolutionProperties) = preSolution
		HideSolutionNode = FALSE
	EndGlobalSection
	GlobalSection(NestedProjects) = preSolution
		{DA4793EF-B9DA-4D64-93A0-BE1895DE4F10} = {EF99CD8B-B41A-4950-8D50-1EB0740C1810}
		{B25BE4C2-5DC9-4F6F-9FD1-B76C60A41BFD} = {EF99CD8B-B41A-4950-8D50-1EB0740C1810}
		{A38F5ABB-A413-4832-BAF8-0042CCFAAEF9} = {567D2493-4142-494D-B550-6C0D34326D4F}
		{F5A9335A-1251-4969-A1DF-F99DC2B97AE5} = {C508EE5F-3901-4FEC-81B7-1474A7A8C788}
		{9FE39ED7-0BC2-4D84-940E-9F34661B4E2C} = {21E2E1FC-F488-43C3-8D4D-DAB426032761}
		{D862B76F-3389-4648-A018-E610C85B092A} = {21E2E1FC-F488-43C3-8D4D-DAB426032761}
		{5761FDC8-6530-4CE1-8AF2-BB04CFC43C8B} = {567D2493-4142-494D-B550-6C0D34326D4F}
		{3BDC53E8-F06F-4353-9EB8-A7279368B94D} = {567D2493-4142-494D-B550-6C0D34326D4F}
		{CBC6738B-BC2C-4CFA-A8BA-9CC295AFB914} = {EF99CD8B-B41A-4950-8D50-1EB0740C1810}
		{88A0BC68-1D0E-4828-94FD-2E1C135F99CB} = {C508EE5F-3901-4FEC-81B7-1474A7A8C788}
	EndGlobalSection
	GlobalSection(ExtensibilityGlobals) = postSolution
		SolutionGuid = {1117CA9C-6B52-40B6-B188-F96F1496AB11}
	EndGlobalSection
EndGlobal
