<?xml version="1.0" encoding="utf-8"?>
<Project ToolsVersion="4.0" xmlns="http://schemas.microsoft.com/developer/msbuild/2003">
  <ItemGroup>
    <ClCompile Include="EntryPoint.cpp" />
  </ItemGroup>
  <ItemGroup>
    <ClInclude Include="VulkanWindowTest.hpp" />
    <ClInclude Include="VulkanPipelineTest.hpp" />
    <ClInclude Include="VulkanIndicesBufferTest.hpp" />
    <ClInclude Include="VulkanUniformBufferTest.hpp" />
  </ItemGroup>
  <ItemGroup>
    <None Include="_compile_windows_vulkan_shaders.ps1" />
    <None Include="Shader\Vulkan\Glsl\test2.frag" />
    <None Include="Shader\Vulkan\Glsl\test2.vert" />
    <None Include="Vertices\test2.vertices.json" />
    <None Include="Vertices\test2-3.vertices.json" />
    <None Include="Vertices\test2-1.vertices.json" />
    <None Include="Vertices\test2-2.vertices.json" />
    <None Include="Shader\Vulkan\Glsl\test1.frag" />
    <None Include="Shader\Vulkan\Glsl\test1.vert" />
    <None Include="Shader\Vulkan\Glsl\test3.vert" />
    <None Include="Shader\Vulkan\Glsl\test3.frag" />
    <None Include="Vertices\test3.vertices.json" />
  </ItemGroup>
</Project>