<?xml version="1.0" encoding="utf-8"?>
<Project ToolsVersion="4.0" xmlns="http://schemas.microsoft.com/developer/msbuild/2003">
  <ItemGroup>
    <ClInclude Include="_Interface.hpp" />
    <ClInclude Include="Window.hpp" />
    <ClInclude Include="Vulkan\VulkanWindow.hpp" />
    <ClInclude Include="Runtime.hpp" />
    <ClInclude Include="DynamicMemory.hpp" />
    <ClInclude Include="Shader.hpp" />
    <ClInclude Include="Pipeline.hpp" />
    <ClInclude Include="TextureViewer.hpp" />
    <ClInclude Include="VerticesViewer.hpp" />
    <ClInclude Include="Vulkan\VulkanDynamicMemory.hpp" />
    <ClInclude Include="Vulkan\_Interface.hpp" />
    <ClInclude Include="Vulkan\VulkanPipeline.hpp" />
    <ClInclude Include="Vulkan\VulkanRenderFlow.hpp" />
    <ClInclude Include="Vulkan\VulkanRuntime.hpp" />
    <ClInclude Include="Vulkan\VulkanShader.hpp" />
    <ClInclude Include="Vulkan\VulkanTextureViewer.hpp" />
    <ClInclude Include="Vulkan\VulkanVertexSupporter.hpp" />
    <ClInclude Include="Vulkan\VulkanVerticesViewer.hpp" />
    <ClInclude Include="_Declaration.hpp" />
    <ClInclude Include="Vulkan\_Declaration.hpp" />
    <ClInclude Include="Vulkan\_Vulkan.hpp" />
  </ItemGroup>
  <ItemGroup>
    <ClCompile Include="Vulkan\Implementation\VulkanWindow.cpp" />
    <ClCompile Include="Implementation\Pipeline.cpp" />
    <ClCompile Include="Implementation\Runtime.cpp" />
    <ClCompile Include="Implementation\TextureViewer.cpp" />
    <ClCompile Include="Implementation\VerticesViewer.cpp" />
    <ClCompile Include="Vulkan\Implementation\VulkanDynamicMemory.cpp" />
    <ClCompile Include="Vulkan\Implementation\VulkanPipeline.cpp" />
    <ClCompile Include="Vulkan\Implementation\VulkanRenderFlow.cpp" />
    <ClCompile Include="Vulkan\Implementation\VulkanRuntime.cpp" />
    <ClCompile Include="Vulkan\Implementation\VulkanShader.cpp" />
    <ClCompile Include="Vulkan\Implementation\VulkanTextureViewer.cpp" />
    <ClCompile Include="Vulkan\Implementation\VulkanVerticesViewer.cpp" />
  </ItemGroup>
</Project>