<?xml version="1.0" encoding="utf-8"?>
<Project ToolsVersion="4.0" xmlns="http://schemas.microsoft.com/developer/msbuild/2003">
  <ItemGroup>
    <ClCompile Include="Impl\InterpreterStandard.cpp" />
    <ClCompile Include="Impl\QueryOperation.cpp" />
    <ClCompile Include="Impl\QuerySyntax.cpp" />
  </ItemGroup>
  <ItemGroup>
    <ClInclude Include="Interface.hpp" />
    <ClInclude Include="InterpreterBase.hpp" />
    <ClInclude Include="InterpreterStandard.hpp" />
    <ClInclude Include="QueryOperation.hpp" />
    <ClInclude Include="QuerySyntax.hpp" />
  </ItemGroup>
</Project>