<?xml version="1.0" encoding="utf-8"?>
<Project ToolsVersion="4.0" xmlns="http://schemas.microsoft.com/developer/msbuild/2003">
  <ItemGroup>
    <ClInclude Include="Interface.hpp" />
    <ClInclude Include="Window\Window.hpp" />
    <ClInclude Include="Window\Interface.hpp" />
    <ClInclude Include="Window\GlfwWindow.hpp" />
    <ClInclude Include="Runtime\Interface.hpp" />
    <ClInclude Include="Runtime\Runtime.hpp" />
    <ClInclude Include="Runtime\VulkanRuntime.hpp" />
    <ClInclude Include="Runtime\VulkanPipeline.hpp" />
    <ClInclude Include="Runtime\Pipeline.hpp" />
    <ClInclude Include="Runtime\Shader.hpp" />
    <ClInclude Include="Runtime\VulkanShader.hpp" />
    <ClInclude Include="Runtime\VerticesViewer.hpp" />
    <ClInclude Include="Runtime\VulkanVerticesViewer.hpp" />
    <ClInclude Include="Runtime\DynamicMemory.hpp" />
    <ClInclude Include="Runtime\VulkanDynamicMemory.hpp" />
    <ClInclude Include="Runtime\TextureViewer.hpp" />
    <ClInclude Include="Runtime\VulkanTextureViewer.hpp" />
    <ClInclude Include="Runtime\VulkanInterface.hpp" />
  </ItemGroup>
  <ItemGroup>
    <ClCompile Include="Window\Implementation\GlfwWindow.cpp" />
    <ClCompile Include="Runtime\Implementation\Runtime.cpp" />
    <ClCompile Include="Runtime\Implementation\VulkanRuntime.cpp" />
    <ClCompile Include="Runtime\Implementation\VulkanPipeline.cpp" />
    <ClCompile Include="Runtime\Implementation\VulkanShader.cpp" />
    <ClCompile Include="Runtime\Implementation\VulkanVerticesViewer.cpp" />
    <ClCompile Include="Runtime\Implementation\VerticesViewer.cpp" />
    <ClCompile Include="Runtime\Implementation\Pipeline.cpp" />
    <ClCompile Include="Runtime\Implementation\VulkanDynamicMemory.cpp" />
    <ClCompile Include="Runtime\Implementation\TextureViewer.cpp" />
    <ClCompile Include="Runtime\Implementation\VulkanTextureViewer.cpp" />
  </ItemGroup>
</Project>