<?xml version="1.0" encoding="utf-8"?>
<Project ToolsVersion="4.0" xmlns="http://schemas.microsoft.com/developer/msbuild/2003">
  <ItemGroup>
    <ClInclude Include="Interface.hpp" />
    <ClInclude Include="Window\Window.hpp" />
    <ClInclude Include="Window\Interface.hpp" />
    <ClInclude Include="Window\GlfwWindow.hpp" />
    <ClInclude Include="Runtime\Interface.hpp" />
    <ClInclude Include="Runtime\Runtime.hpp" />
    <ClInclude Include="Runtime\VulkanRuntime.hpp" />
    <ClInclude Include="Runtime\VulkanPipeline.hpp" />
    <ClInclude Include="Runtime\Pipeline.hpp" />
    <ClInclude Include="Runtime\Shader.hpp" />
    <ClInclude Include="Runtime\VulkanShader.hpp" />
    <ClInclude Include="Runtime\PipelineBuffer.hpp" />
  </ItemGroup>
  <ItemGroup>
    <ClCompile Include="Window\Implementation\GlfwWindow.cpp" />
    <ClCompile Include="Runtime\Implementation\Runtime.cpp" />
    <ClCompile Include="Runtime\Implementation\VulkanRuntime.cpp" />
    <ClCompile Include="Runtime\Implementation\VulkanPipeline.cpp" />
    <ClCompile Include="Runtime\Implementation\VulkanShader.cpp" />
    <ClCompile Include="Runtime\Implementation\PipelineBuffer.cpp" />
  </ItemGroup>
</Project>