
Microsoft Visual Studio Solution File, Format Version 12.00
# Visual Studio Version 17
VisualStudioVersion = 17.0.31710.8
MinimumVisualStudioVersion = 10.0.40219.1
Project("{2150E333-8FDC-42A3-9474-1A3956D46DE8}") = "Platform", "Platform", "{AB4EB5A1-DB7B-4210-BBAF-54C63A504ABA}"
EndProject
Project("{2150E333-8FDC-42A3-9474-1A3956D46DE8}") = "Storage", "Storage", "{DD06C8E4-FE06-4F0A-8C99-BA109DA0AB45}"
EndProject
Project("{8BC9CEB8-8B4A-11D0-8D11-00A0C91BC942}") = "DBMS", "Platform\DBMS\DBMS.vcxproj", "{4B1B49F4-1C18-46E8-9AD0-2A375E979D51}"
EndProject
Project("{8BC9CEB8-8B4A-11D0-8D11-00A0C91BC942}") = "ExecutorRelease", "ExecutorRelease\ExecutorRelease.vcxproj", "{2B0010B0-743E-4D39-9F99-4142FCF01CE5}"
EndProject
Project("{8BC9CEB8-8B4A-11D0-8D11-00A0C91BC942}") = "ExecutorDebug", "ExecutorDebug\ExecutorDebug.vcxproj", "{7F42A6C1-B146-4F7B-88E4-A00052FD443A}"
EndProject
Global
	GlobalSection(SolutionConfigurationPlatforms) = preSolution
		Debug|x64 = Debug|x64
	EndGlobalSection
	GlobalSection(ProjectConfigurationPlatforms) = postSolution
		{4B1B49F4-1C18-46E8-9AD0-2A375E979D51}.Debug|x64.ActiveCfg = Debug|x64
		{4B1B49F4-1C18-46E8-9AD0-2A375E979D51}.Debug|x64.Build.0 = Debug|x64
		{2B0010B0-743E-4D39-9F99-4142FCF01CE5}.Debug|x64.ActiveCfg = Release|x64
		{2B0010B0-743E-4D39-9F99-4142FCF01CE5}.Debug|x64.Build.0 = Release|x64
		{7F42A6C1-B146-4F7B-88E4-A00052FD443A}.Debug|x64.ActiveCfg = Debug|x64
		{7F42A6C1-B146-4F7B-88E4-A00052FD443A}.Debug|x64.Build.0 = Debug|x64
	EndGlobalSection
	GlobalSection(SolutionProperties) = preSolution
		HideSolutionNode = FALSE
	EndGlobalSection
	GlobalSection(NestedProjects) = preSolution
		{4B1B49F4-1C18-46E8-9AD0-2A375E979D51} = {AB4EB5A1-DB7B-4210-BBAF-54C63A504ABA}
	EndGlobalSection
	GlobalSection(ExtensibilityGlobals) = postSolution
		SolutionGuid = {1117CA9C-6B52-40B6-B188-F96F1496AB12}
	EndGlobalSection
EndGlobal
