
Microsoft Visual Studio Solution File, Format Version 12.00
# Visual Studio Version 17
VisualStudioVersion = 17.0.31710.8
MinimumVisualStudioVersion = 10.0.40219.1
Project("{8BC9CEB8-8B4A-11D0-8D11-00A0C91BC942}") = "p00_sdk", "p00_sdk\p00_sdk.vcxproj", "{8F536607-AEF9-4692-8FF4-DC359567B541}"
EndProject
Project("{8BC9CEB8-8B4A-11D0-8D11-00A0C91BC942}") = "p05_window", "p05_window\p05_window.vcxproj", "{BFF93311-BA14-48DE-8754-594536542E6C}"
EndProject
Project("{8BC9CEB8-8B4A-11D0-8D11-00A0C91BC942}") = "p99_main", "p99_main\p99_main.vcxproj", "{EAE4A9F9-2F05-40EF-B3A0-8DC9E7DB2946}"
EndProject
Project("{2150E333-8FDC-42A3-9474-1A3956D46DE8}") = "Environment", "Environment", "{EF99CD8B-B41A-4950-8D50-1EB0740C1810}"
EndProject
Project("{2150E333-8FDC-42A3-9474-1A3956D46DE8}") = "Window", "Window", "{21E2E1FC-F488-43C3-8D4D-DAB426032761}"
EndProject
Project("{2150E333-8FDC-42A3-9474-1A3956D46DE8}") = "Utility", "Utility", "{567D2493-4142-494D-B550-6C0D34326D4F}"
EndProject
Project("{2150E333-8FDC-42A3-9474-1A3956D46DE8}") = "System", "System", "{C508EE5F-3901-4FEC-81B7-1474A7A8C788}"
EndProject
Project("{8BC9CEB8-8B4A-11D0-8D11-00A0C91BC942}") = "Environment", "Environment\Environment\Environment.vcxproj", "{DA4793EF-B9DA-4D64-93A0-BE1895DE4F10}"
EndProject
Project("{8BC9CEB8-8B4A-11D0-8D11-00A0C91BC942}") = "Environment_Windows_Msvc", "Environment\Environment_Windows_Msvc\Environment_Windows_Msvc.vcxproj", "{B25BE4C2-5DC9-4F6F-9FD1-B76C60A41BFD}"
EndProject
Project("{8BC9CEB8-8B4A-11D0-8D11-00A0C91BC942}") = "TestExecutor", "Execute\TestExecutor\TestExecutor.vcxproj", "{BD72F997-FDB5-40E9-BF2C-A312333D8BAE}"
EndProject
Global
	GlobalSection(SolutionConfigurationPlatforms) = preSolution
		Release|x64 = Release|x64
	EndGlobalSection
	GlobalSection(ProjectConfigurationPlatforms) = postSolution
		{8F536607-AEF9-4692-8FF4-DC359567B541}.Release|x64.ActiveCfg = Release|x64
		{8F536607-AEF9-4692-8FF4-DC359567B541}.Release|x64.Build.0 = Release|x64
		{BFF93311-BA14-48DE-8754-594536542E6C}.Release|x64.ActiveCfg = Release|x64
		{BFF93311-BA14-48DE-8754-594536542E6C}.Release|x64.Build.0 = Release|x64
		{EAE4A9F9-2F05-40EF-B3A0-8DC9E7DB2946}.Release|x64.ActiveCfg = Release|x64
		{EAE4A9F9-2F05-40EF-B3A0-8DC9E7DB2946}.Release|x64.Build.0 = Release|x64
		{DA4793EF-B9DA-4D64-93A0-BE1895DE4F10}.Release|x64.ActiveCfg = Release|x64
		{DA4793EF-B9DA-4D64-93A0-BE1895DE4F10}.Release|x64.Build.0 = Release|x64
		{B25BE4C2-5DC9-4F6F-9FD1-B76C60A41BFD}.Release|x64.ActiveCfg = Release|x64
		{B25BE4C2-5DC9-4F6F-9FD1-B76C60A41BFD}.Release|x64.Build.0 = Release|x64
		{BD72F997-FDB5-40E9-BF2C-A312333D8BAE}.Release|x64.ActiveCfg = Release|x64
		{BD72F997-FDB5-40E9-BF2C-A312333D8BAE}.Release|x64.Build.0 = Release|x64
	EndGlobalSection
	GlobalSection(SolutionProperties) = preSolution
		HideSolutionNode = FALSE
	EndGlobalSection
	GlobalSection(NestedProjects) = preSolution
		{DA4793EF-B9DA-4D64-93A0-BE1895DE4F10} = {EF99CD8B-B41A-4950-8D50-1EB0740C1810}
		{B25BE4C2-5DC9-4F6F-9FD1-B76C60A41BFD} = {EF99CD8B-B41A-4950-8D50-1EB0740C1810}
	EndGlobalSection
	GlobalSection(ExtensibilityGlobals) = postSolution
		SolutionGuid = {1117CA9C-6B52-40B6-B188-F96F1496AB11}
	EndGlobalSection
EndGlobal
