<?xml version="1.0" encoding="utf-8"?>
<Project ToolsVersion="4.0" xmlns="http://schemas.microsoft.com/developer/msbuild/2003">
  <ItemGroup>
    <ClInclude Include="Definition.h" />
    <ClInclude Include="Interface.h" />
    <ClInclude Include="BuildinDefinition\ComplierDirective.h">
      <Filter>BuildinDefinition</Filter>
    </ClInclude>
    <ClInclude Include="BuildinDefinition\BuildinType.h">
      <Filter>BuildinDefinition</Filter>
    </ClInclude>
    <ClInclude Include="PlatformOperation\Print.h">
      <Filter>PlatformOperation</Filter>
    </ClInclude>
    <ClInclude Include="PlatformHeader.h" />
    <ClInclude Include="PlatformOperation\Assert.h">
      <Filter>PlatformOperation</Filter>
    </ClInclude>
    <ClInclude Include="PlatformOperation\Date.h">
      <Filter>PlatformOperation</Filter>
    </ClInclude>
    <ClInclude Include="PlatformOperation\Atomic.h">
      <Filter>PlatformOperation</Filter>
    </ClInclude>
    <ClInclude Include="PlatformOperation\Memory.h">
      <Filter>PlatformOperation</Filter>
    </ClInclude>
    <ClInclude Include="PlatformOperation\Thread.h">
      <Filter>PlatformOperation</Filter>
    </ClInclude>
    <ClInclude Include="PlatformOperation\Lock.h">
      <Filter>PlatformOperation</Filter>
    </ClInclude>
    <ClInclude Include="PlatformOperation\Event.h">
      <Filter>PlatformOperation</Filter>
    </ClInclude>
    <ClInclude Include="PlatformOperation\Timer.h">
      <Filter>PlatformOperation</Filter>
    </ClInclude>
    <ClInclude Include="PlatformOperation\File.h">
      <Filter>PlatformOperation</Filter>
    </ClInclude>
    <ClInclude Include="PlatformOperation\Spin.h">
      <Filter>PlatformOperation</Filter>
    </ClInclude>
    <ClInclude Include="PlatformOperation\Math.h">
      <Filter>PlatformOperation</Filter>
    </ClInclude>
    <ClInclude Include="PlatformOperation\SIMD.h">
      <Filter>PlatformOperation</Filter>
    </ClInclude>
    <ClInclude Include="PlatformOperation\New.h">
      <Filter>PlatformOperation</Filter>
    </ClInclude>
    <ClInclude Include="PlatformOperation\CString.h">
      <Filter>PlatformOperation</Filter>
    </ClInclude>
    <ClInclude Include="PlatformOperation\CStringConversion.h">
      <Filter>PlatformOperation</Filter>
    </ClInclude>
  </ItemGroup>
  <ItemGroup>
    <Filter Include="BuildinDefinition">
      <UniqueIdentifier>{d4c6d3fe-fe0a-402d-8272-937a81dd77d3}</UniqueIdentifier>
    </Filter>
    <Filter Include="PlatformOperation">
      <UniqueIdentifier>{21ed534b-561c-4a0a-b4f2-26670a672665}</UniqueIdentifier>
    </Filter>
  </ItemGroup>
</Project>