<?xml version="1.0" encoding="utf-8"?>
<Project ToolsVersion="4.0" xmlns="http://schemas.microsoft.com/developer/msbuild/2003">
  <ItemGroup>
    <ClCompile Include="Impl\DocumentIdentifier.cpp" />
    <ClCompile Include="Impl\IndexTable.cpp" />
    <ClCompile Include="Impl\Partition.cpp" />
    <ClCompile Include="Impl\Storage.cpp" />
  </ItemGroup>
  <ItemGroup>
    <ClInclude Include="DocumentIdentifier.hpp" />
    <ClInclude Include="IndexTable.hpp" />
    <ClInclude Include="Interface.hpp" />
    <ClInclude Include="Partition.hpp" />
    <ClInclude Include="Storage.hpp" />
  </ItemGroup>
</Project>